
Microsoft Visual Studio Solution File, Format Version 12.00
# Visual Studio Version 17
VisualStudioVersion = 17.4.33205.214
MinimumVisualStudioVersion = 10.0.40219.1
Project("{FAE04EC0-301F-11D3-BF4B-00C04F79EFBC}") = "MakeConst", "MakeConst\MakeConst\MakeConst.csproj", "{A9A49F40-53F8-4738-B05F-BB9991FD9E7B}"
EndProject
Project("{FAE04EC0-301F-11D3-BF4B-00C04F79EFBC}") = "MakeConst.CodeFixes", "MakeConst\MakeConst.CodeFixes\MakeConst.CodeFixes.csproj", "{71CD734A-8B7B-4C7F-BACE-FE4E2D4C29B8}"
EndProject
Project("{FAE04EC0-301F-11D3-BF4B-00C04F79EFBC}") = "MakeConst.Package", "MakeConst\MakeConst.Package\MakeConst.Package.csproj", "{83D58C8C-2788-4C85-855C-19421C9B1538}"
EndProject
Project("{FAE04EC0-301F-11D3-BF4B-00C04F79EFBC}") = "MakeConst.Test", "MakeConst\MakeConst.Test\MakeConst.Test.csproj", "{72177F97-D831-446A-8FF8-EF139DCE7F69}"
EndProject
Project("{FAE04EC0-301F-11D3-BF4B-00C04F79EFBC}") = "MakeConst.Vsix", "MakeConst\MakeConst.Vsix\MakeConst.Vsix.csproj", "{6FDF3B87-0309-4F45-BBC4-09033252219F}"
EndProject
Global
	GlobalSection(SolutionConfigurationPlatforms) = preSolution
		Debug|Any CPU = Debug|Any CPU
		Release|Any CPU = Release|Any CPU
	EndGlobalSection
	GlobalSection(ProjectConfigurationPlatforms) = postSolution
		{A9A49F40-53F8-4738-B05F-BB9991FD9E7B}.Debug|Any CPU.ActiveCfg = Debug|Any CPU
		{A9A49F40-53F8-4738-B05F-BB9991FD9E7B}.Debug|Any CPU.Build.0 = Debug|Any CPU
		{A9A49F40-53F8-4738-B05F-BB9991FD9E7B}.Release|Any CPU.ActiveCfg = Release|Any CPU
		{A9A49F40-53F8-4738-B05F-BB9991FD9E7B}.Release|Any CPU.Build.0 = Release|Any CPU
		{71CD734A-8B7B-4C7F-BACE-FE4E2D4C29B8}.Debug|Any CPU.ActiveCfg = Debug|Any CPU
		{71CD734A-8B7B-4C7F-BACE-FE4E2D4C29B8}.Debug|Any CPU.Build.0 = Debug|Any CPU
		{71CD734A-8B7B-4C7F-BACE-FE4E2D4C29B8}.Release|Any CPU.ActiveCfg = Release|Any CPU
		{71CD734A-8B7B-4C7F-BACE-FE4E2D4C29B8}.Release|Any CPU.Build.0 = Release|Any CPU
		{83D58C8C-2788-4C85-855C-19421C9B1538}.Debug|Any CPU.ActiveCfg = Debug|Any CPU
		{83D58C8C-2788-4C85-855C-19421C9B1538}.Debug|Any CPU.Build.0 = Debug|Any CPU
		{83D58C8C-2788-4C85-855C-19421C9B1538}.Release|Any CPU.ActiveCfg = Release|Any CPU
		{83D58C8C-2788-4C85-855C-19421C9B1538}.Release|Any CPU.Build.0 = Release|Any CPU
		{72177F97-D831-446A-8FF8-EF139DCE7F69}.Debug|Any CPU.ActiveCfg = Debug|Any CPU
		{72177F97-D831-446A-8FF8-EF139DCE7F69}.Debug|Any CPU.Build.0 = Debug|Any CPU
		{72177F97-D831-446A-8FF8-EF139DCE7F69}.Release|Any CPU.ActiveCfg = Release|Any CPU
		{72177F97-D831-446A-8FF8-EF139DCE7F69}.Release|Any CPU.Build.0 = Release|Any CPU
		{6FDF3B87-0309-4F45-BBC4-09033252219F}.Debug|Any CPU.ActiveCfg = Debug|Any CPU
		{6FDF3B87-0309-4F45-BBC4-09033252219F}.Debug|Any CPU.Build.0 = Debug|Any CPU
		{6FDF3B87-0309-4F45-BBC4-09033252219F}.Release|Any CPU.ActiveCfg = Release|Any CPU
		{6FDF3B87-0309-4F45-BBC4-09033252219F}.Release|Any CPU.Build.0 = Release|Any CPU
	EndGlobalSection
	GlobalSection(SolutionProperties) = preSolution
		HideSolutionNode = FALSE
	EndGlobalSection
	GlobalSection(ExtensibilityGlobals) = postSolution
		SolutionGuid = {837B4D32-1D17-4EE3-80E4-C8FE0EF2134E}
	EndGlobalSection
EndGlobal
